
Microsoft Visual Studio Solution File, Format Version 12.00
# Visual Studio Version 17
VisualStudioVersion = 17.12.35707.178
MinimumVisualStudioVersion = 10.0.40219.1
Project("{FAE04EC0-301F-11D3-BF4B-00C04F79EFBC}") = "WeatherApp", "WeatherApp.csproj", "{66AF8629-572C-4ACB-AE58-B48691308A1A}"
EndProject
Global
	GlobalSection(SolutionConfigurationPlatforms) = preSolution
		Debug|Any CPU = Debug|Any CPU
		Debug|ARM32 = Debug|ARM32
		Debug|ARM64 = Debug|ARM64
		Release|Any CPU = Release|Any CPU
		Release|ARM32 = Release|ARM32
		Release|ARM64 = Release|ARM64
	EndGlobalSection
	GlobalSection(ProjectConfigurationPlatforms) = postSolution
		{66AF8629-572C-4ACB-AE58-B48691308A1A}.Debug|Any CPU.ActiveCfg = Debug|Any CPU
		{66AF8629-572C-4ACB-AE58-B48691308A1A}.Debug|Any CPU.Build.0 = Debug|Any CPU
		{66AF8629-572C-4ACB-AE58-B48691308A1A}.Debug|Any CPU.Deploy.0 = Debug|Any CPU
		{66AF8629-572C-4ACB-AE58-B48691308A1A}.Debug|ARM32.ActiveCfg = Debug|ARM32
		{66AF8629-572C-4ACB-AE58-B48691308A1A}.Debug|ARM32.Build.0 = Debug|ARM32
		{66AF8629-572C-4ACB-AE58-B48691308A1A}.Debug|ARM32.Deploy.0 = Debug|ARM32
		{66AF8629-572C-4ACB-AE58-B48691308A1A}.Debug|ARM64.ActiveCfg = Debug|ARM64
		{66AF8629-572C-4ACB-AE58-B48691308A1A}.Debug|ARM64.Build.0 = Debug|ARM64
		{66AF8629-572C-4ACB-AE58-B48691308A1A}.Debug|ARM64.Deploy.0 = Debug|ARM64
		{66AF8629-572C-4ACB-AE58-B48691308A1A}.Release|Any CPU.ActiveCfg = Release|Any CPU
		{66AF8629-572C-4ACB-AE58-B48691308A1A}.Release|Any CPU.Build.0 = Release|Any CPU
		{66AF8629-572C-4ACB-AE58-B48691308A1A}.Release|Any CPU.Deploy.0 = Release|Any CPU
		{66AF8629-572C-4ACB-AE58-B48691308A1A}.Release|ARM32.ActiveCfg = Release|ARM32
		{66AF8629-572C-4ACB-AE58-B48691308A1A}.Release|ARM32.Build.0 = Release|ARM32
		{66AF8629-572C-4ACB-AE58-B48691308A1A}.Release|ARM32.Deploy.0 = Release|ARM32
		{66AF8629-572C-4ACB-AE58-B48691308A1A}.Release|ARM64.ActiveCfg = Release|ARM64
		{66AF8629-572C-4ACB-AE58-B48691308A1A}.Release|ARM64.Build.0 = Release|ARM64
		{66AF8629-572C-4ACB-AE58-B48691308A1A}.Release|ARM64.Deploy.0 = Release|ARM64
	EndGlobalSection
	GlobalSection(SolutionProperties) = preSolution
		HideSolutionNode = FALSE
	EndGlobalSection
EndGlobal
